// !$*UTF8*$!
{
	archiveVersion = 1;
	classes = {
	};
	objectVersion = 50;
	objects = {

/* Begin PBXBuildFile section */
		3F6D825522D30F890020D554 /* Assets.xcassets in Resources */ = {isa = PBXBuildFile; fileRef = 3F6D825422D30F890020D554 /* Assets.xcassets */; };
		3F6D825722D30F940020D554 /* LaunchScreen.storyboard in Resources */ = {isa = PBXBuildFile; fileRef = 3F6D825622D30F940020D554 /* LaunchScreen.storyboard */; };
		3F9E0CA622D472A700EBD4FA /* KTTableViewCell.swift in Sources */ = {isa = PBXBuildFile; fileRef = 3F9E0CA222D472A700EBD4FA /* KTTableViewCell.swift */; };
		3F9E0CA722D472A700EBD4FA /* KTTableViewCell.xib in Resources */ = {isa = PBXBuildFile; fileRef = 3F9E0CA322D472A700EBD4FA /* KTTableViewCell.xib */; };
		3F9E0CA822D472A700EBD4FA /* KTListPopup.swift in Sources */ = {isa = PBXBuildFile; fileRef = 3F9E0CA422D472A700EBD4FA /* KTListPopup.swift */; };
		3F9E0CA922D472A700EBD4FA /* KTListPopup.xib in Resources */ = {isa = PBXBuildFile; fileRef = 3F9E0CA522D472A700EBD4FA /* KTListPopup.xib */; };
		3FF3648B22D0A76B00BEAB51 /* AppDelegate.swift in Sources */ = {isa = PBXBuildFile; fileRef = 3FF3648A22D0A76B00BEAB51 /* AppDelegate.swift */; };
		3FF3648D22D0A76B00BEAB51 /* ViewController.swift in Sources */ = {isa = PBXBuildFile; fileRef = 3FF3648C22D0A76B00BEAB51 /* ViewController.swift */; };
		3FF3649022D0A76B00BEAB51 /* Main.storyboard in Resources */ = {isa = PBXBuildFile; fileRef = 3FF3648E22D0A76B00BEAB51 /* Main.storyboard */; };
/* End PBXBuildFile section */

/* Begin PBXFileReference section */
		3F6D825422D30F890020D554 /* Assets.xcassets */ = {isa = PBXFileReference; lastKnownFileType = folder.assetcatalog; name = Assets.xcassets; path = "../../Google-Api-Helper/Google Api/Assets.xcassets"; sourceTree = "<group>"; };
		3F6D825622D30F940020D554 /* LaunchScreen.storyboard */ = {isa = PBXFileReference; fileEncoding = 4; lastKnownFileType = file.storyboard; path = LaunchScreen.storyboard; sourceTree = "<group>"; };
		3F9E0CA222D472A700EBD4FA /* KTTableViewCell.swift */ = {isa = PBXFileReference; fileEncoding = 4; lastKnownFileType = sourcecode.swift; path = KTTableViewCell.swift; sourceTree = "<group>"; };
		3F9E0CA322D472A700EBD4FA /* KTTableViewCell.xib */ = {isa = PBXFileReference; fileEncoding = 4; lastKnownFileType = file.xib; path = KTTableViewCell.xib; sourceTree = "<group>"; };
		3F9E0CA422D472A700EBD4FA /* KTListPopup.swift */ = {isa = PBXFileReference; fileEncoding = 4; lastKnownFileType = sourcecode.swift; path = KTListPopup.swift; sourceTree = "<group>"; };
		3F9E0CA522D472A700EBD4FA /* KTListPopup.xib */ = {isa = PBXFileReference; fileEncoding = 4; lastKnownFileType = file.xib; path = KTListPopup.xib; sourceTree = "<group>"; };
		3FF3648722D0A76B00BEAB51 /* List Popup.app */ = {isa = PBXFileReference; explicitFileType = wrapper.application; includeInIndex = 0; path = "List Popup.app"; sourceTree = BUILT_PRODUCTS_DIR; };
		3FF3648A22D0A76B00BEAB51 /* AppDelegate.swift */ = {isa = PBXFileReference; lastKnownFileType = sourcecode.swift; path = AppDelegate.swift; sourceTree = "<group>"; };
		3FF3648C22D0A76B00BEAB51 /* ViewController.swift */ = {isa = PBXFileReference; lastKnownFileType = sourcecode.swift; path = ViewController.swift; sourceTree = "<group>"; };
		3FF3648F22D0A76B00BEAB51 /* Base */ = {isa = PBXFileReference; lastKnownFileType = file.storyboard; name = Base; path = Base.lproj/Main.storyboard; sourceTree = "<group>"; };
		3FF3649622D0A76C00BEAB51 /* Info.plist */ = {isa = PBXFileReference; lastKnownFileType = text.plist.xml; path = Info.plist; sourceTree = "<group>"; };
/* End PBXFileReference section */

/* Begin PBXFrameworksBuildPhase section */
		3FF3648422D0A76B00BEAB51 /* Frameworks */ = {
			isa = PBXFrameworksBuildPhase;
			buildActionMask = 2147483647;
			files = (
			);
			runOnlyForDeploymentPostprocessing = 0;
		};
/* End PBXFrameworksBuildPhase section */

/* Begin PBXGroup section */
		3F6D825822D31B170020D554 /* Source */ = {
			isa = PBXGroup;
			children = (
				3F9E0CA422D472A700EBD4FA /* KTListPopup.swift */,
				3F9E0CA522D472A700EBD4FA /* KTListPopup.xib */,
				3F9E0CA222D472A700EBD4FA /* KTTableViewCell.swift */,
				3F9E0CA322D472A700EBD4FA /* KTTableViewCell.xib */,
			);
			path = Source;
			sourceTree = "<group>";
		};
		3FF3647E22D0A76B00BEAB51 = {
			isa = PBXGroup;
			children = (
				3FF3648922D0A76B00BEAB51 /* List Popup */,
				3FF3648822D0A76B00BEAB51 /* Products */,
			);
			sourceTree = "<group>";
		};
		3FF3648822D0A76B00BEAB51 /* Products */ = {
			isa = PBXGroup;
			children = (
				3FF3648722D0A76B00BEAB51 /* List Popup.app */,
			);
			name = Products;
			sourceTree = "<group>";
		};
		3FF3648922D0A76B00BEAB51 /* List Popup */ = {
			isa = PBXGroup;
			children = (
				3FF3648A22D0A76B00BEAB51 /* AppDelegate.swift */,
				3FF3648C22D0A76B00BEAB51 /* ViewController.swift */,
				3F6D825822D31B170020D554 /* Source */,
				3FF3648E22D0A76B00BEAB51 /* Main.storyboard */,
				3F6D825422D30F890020D554 /* Assets.xcassets */,
				3F6D825622D30F940020D554 /* LaunchScreen.storyboard */,
				3FF3649622D0A76C00BEAB51 /* Info.plist */,
			);
			path = "List Popup";
			sourceTree = "<group>";
		};
/* End PBXGroup section */

/* Begin PBXNativeTarget section */
		3FF3648622D0A76B00BEAB51 /* List Popup */ = {
			isa = PBXNativeTarget;
			buildConfigurationList = 3FF3649922D0A76C00BEAB51 /* Build configuration list for PBXNativeTarget "List Popup" */;
			buildPhases = (
				3FF3648322D0A76B00BEAB51 /* Sources */,
				3FF3648422D0A76B00BEAB51 /* Frameworks */,
				3FF3648522D0A76B00BEAB51 /* Resources */,
			);
			buildRules = (
			);
			dependencies = (
			);
			name = "List Popup";
			productName = "List Popup";
			productReference = 3FF3648722D0A76B00BEAB51 /* List Popup.app */;
			productType = "com.apple.product-type.application";
		};
/* End PBXNativeTarget section */

/* Begin PBXProject section */
		3FF3647F22D0A76B00BEAB51 /* Project object */ = {
			isa = PBXProject;
			attributes = {
				LastSwiftUpdateCheck = 1020;
				LastUpgradeCheck = 1020;
				ORGANIZATIONNAME = "Kuldeep Tanwar";
				TargetAttributes = {
					3FF3648622D0A76B00BEAB51 = {
						CreatedOnToolsVersion = 10.2.1;
					};
				};
			};
			buildConfigurationList = 3FF3648222D0A76B00BEAB51 /* Build configuration list for PBXProject "KTListPopup" */;
			compatibilityVersion = "Xcode 9.3";
			developmentRegion = en;
			hasScannedForEncodings = 0;
			knownRegions = (
				en,
				Base,
			);
			mainGroup = 3FF3647E22D0A76B00BEAB51;
			productRefGroup = 3FF3648822D0A76B00BEAB51 /* Products */;
			projectDirPath = "";
			projectRoot = "";
			targets = (
				3FF3648622D0A76B00BEAB51 /* List Popup */,
			);
		};
/* End PBXProject section */

/* Begin PBXResourcesBuildPhase section */
		3FF3648522D0A76B00BEAB51 /* Resources */ = {
			isa = PBXResourcesBuildPhase;
			buildActionMask = 2147483647;
			files = (
				3FF3649022D0A76B00BEAB51 /* Main.storyboard in Resources */,
				3F6D825722D30F940020D554 /* LaunchScreen.storyboard in Resources */,
				3F9E0CA722D472A700EBD4FA /* KTTableViewCell.xib in Resources */,
				3F9E0CA922D472A700EBD4FA /* KTListPopup.xib in Resources */,
				3F6D825522D30F890020D554 /* Assets.xcassets in Resources */,
			);
			runOnlyForDeploymentPostprocessing = 0;
		};
/* End PBXResourcesBuildPhase section */

/* Begin PBXSourcesBuildPhase section */
		3FF3648322D0A76B00BEAB51 /* Sources */ = {
			isa = PBXSourcesBuildPhase;
			buildActionMask = 2147483647;
			files = (
				3FF3648D22D0A76B00BEAB51 /* ViewController.swift in Sources */,
				3FF3648B22D0A76B00BEAB51 /* AppDelegate.swift in Sources */,
				3F9E0CA622D472A700EBD4FA /* KTTableViewCell.swift in Sources */,
				3F9E0CA822D472A700EBD4FA /* KTListPopup.swift in Sources */,
			);
			runOnlyForDeploymentPostprocessing = 0;
		};
/* End PBXSourcesBuildPhase section */

/* Begin PBXVariantGroup section */
		3FF3648E22D0A76B00BEAB51 /* Main.storyboard */ = {
			isa = PBXVariantGroup;
			children = (
				3FF3648F22D0A76B00BEAB51 /* Base */,
			);
			name = Main.storyboard;
			sourceTree = "<group>";
		};
/* End PBXVariantGroup section */

/* Begin XCBuildConfiguration section */
		3FF3649722D0A76C00BEAB51 /* Debug */ = {
			isa = XCBuildConfiguration;
			buildSettings = {
				ALWAYS_SEARCH_USER_PATHS = NO;
				CLANG_ANALYZER_NONNULL = YES;
				CLANG_ANALYZER_NUMBER_OBJECT_CONVERSION = YES_AGGRESSIVE;
				CLANG_CXX_LANGUAGE_STANDARD = "gnu++14";
				CLANG_CXX_LIBRARY = "libc++";
				CLANG_ENABLE_MODULES = YES;
				CLANG_ENABLE_OBJC_ARC = YES;
				CLANG_ENABLE_OBJC_WEAK = YES;
				CLANG_WARN_BLOCK_CAPTURE_AUTORELEASING = YES;
				CLANG_WARN_BOOL_CONVERSION = YES;
				CLANG_WARN_COMMA = YES;
				CLANG_WARN_CONSTANT_CONVERSION = YES;
				CLANG_WARN_DEPRECATED_OBJC_IMPLEMENTATIONS = YES;
				CLANG_WARN_DIRECT_OBJC_ISA_USAGE = YES_ERROR;
				CLANG_WARN_DOCUMENTATION_COMMENTS = YES;
				CLANG_WARN_EMPTY_BODY = YES;
				CLANG_WARN_ENUM_CONVERSION = YES;
				CLANG_WARN_INFINITE_RECURSION = YES;
				CLANG_WARN_INT_CONVERSION = YES;
				CLANG_WARN_NON_LITERAL_NULL_CONVERSION = YES;
				CLANG_WARN_OBJC_IMPLICIT_RETAIN_SELF = YES;
				CLANG_WARN_OBJC_LITERAL_CONVERSION = YES;
				CLANG_WARN_OBJC_ROOT_CLASS = YES_ERROR;
				CLANG_WARN_RANGE_LOOP_ANALYSIS = YES;
				CLANG_WARN_STRICT_PROTOTYPES = YES;
				CLANG_WARN_SUSPICIOUS_MOVE = YES;
				CLANG_WARN_UNGUARDED_AVAILABILITY = YES_AGGRESSIVE;
				CLANG_WARN_UNREACHABLE_CODE = YES;
				CLANG_WARN__DUPLICATE_METHOD_MATCH = YES;
				CODE_SIGN_IDENTITY = "iPhone Developer";
				COPY_PHASE_STRIP = NO;
				DEBUG_INFORMATION_FORMAT = dwarf;
				ENABLE_STRICT_OBJC_MSGSEND = YES;
				ENABLE_TESTABILITY = YES;
				GCC_C_LANGUAGE_STANDARD = gnu11;
				GCC_DYNAMIC_NO_PIC = NO;
				GCC_NO_COMMON_BLOCKS = YES;
				GCC_OPTIMIZATION_LEVEL = 0;
				GCC_PREPROCESSOR_DEFINITIONS = (
					"DEBUG=1",
					"$(inherited)",
				);
				GCC_WARN_64_TO_32_BIT_CONVERSION = YES;
				GCC_WARN_ABOUT_RETURN_TYPE = YES_ERROR;
				GCC_WARN_UNDECLARED_SELECTOR = YES;
				GCC_WARN_UNINITIALIZED_AUTOS = YES_AGGRESSIVE;
				GCC_WARN_UNUSED_FUNCTION = YES;
				GCC_WARN_UNUSED_VARIABLE = YES;
				IPHONEOS_DEPLOYMENT_TARGET = 12.2;
				MTL_ENABLE_DEBUG_INFO = INCLUDE_SOURCE;
				MTL_FAST_MATH = YES;
				ONLY_ACTIVE_ARCH = YES;
				SDKROOT = iphoneos;
				SWIFT_ACTIVE_COMPILATION_CONDITIONS = DEBUG;
				SWIFT_OPTIMIZATION_LEVEL = "-Onone";
			};
			name = Debug;
		};
		3FF3649822D0A76C00BEAB51 /* Release */ = {
			isa = XCBuildConfiguration;
			buildSettings = {
				ALWAYS_SEARCH_USER_PATHS = NO;
				CLANG_ANALYZER_NONNULL = YES;
				CLANG_ANALYZER_NUMBER_OBJECT_CONVERSION = YES_AGGRESSIVE;
				CLANG_CXX_LANGUAGE_STANDARD = "gnu++14";
				CLANG_CXX_LIBRARY = "libc++";
				CLANG_ENABLE_MODULES = YES;
				CLANG_ENABLE_OBJC_ARC = YES;
				CLANG_ENABLE_OBJC_WEAK = YES;
				CLANG_WARN_BLOCK_CAPTURE_AUTORELEASING = YES;
				CLANG_WARN_BOOL_CONVERSION = YES;
				CLANG_WARN_COMMA = YES;
				CLANG_WARN_CONSTANT_CONVERSION = YES;
				CLANG_WARN_DEPRECATED_OBJC_IMPLEMENTATIONS = YES;
				CLANG_WARN_DIRECT_OBJC_ISA_USAGE = YES_ERROR;
				CLANG_WARN_DOCUMENTATION_COMMENTS = YES;
				CLANG_WARN_EMPTY_BODY = YES;
				CLANG_WARN_ENUM_CONVERSION = YES;
				CLANG_WARN_INFINITE_RECURSION = YES;
				CLANG_WARN_INT_CONVERSION = YES;
				CLANG_WARN_NON_LITERAL_NULL_CONVERSION = YES;
				CLANG_WARN_OBJC_IMPLICIT_RETAIN_SELF = YES;
				CLANG_WARN_OBJC_LITERAL_CONVERSION = YES;
				CLANG_WARN_OBJC_ROOT_CLASS = YES_ERROR;
				CLANG_WARN_RANGE_LOOP_ANALYSIS = YES;
				CLANG_WARN_STRICT_PROTOTYPES = YES;
				CLANG_WARN_SUSPICIOUS_MOVE = YES;
				CLANG_WARN_UNGUARDED_AVAILABILITY = YES_AGGRESSIVE;
				CLANG_WARN_UNREACHABLE_CODE = YES;
				CLANG_WARN__DUPLICATE_METHOD_MATCH = YES;
				CODE_SIGN_IDENTITY = "iPhone Developer";
				COPY_PHASE_STRIP = NO;
				DEBUG_INFORMATION_FORMAT = "dwarf-with-dsym";
				ENABLE_NS_ASSERTIONS = NO;
				ENABLE_STRICT_OBJC_MSGSEND = YES;
				GCC_C_LANGUAGE_STANDARD = gnu11;
				GCC_NO_COMMON_BLOCKS = YES;
				GCC_WARN_64_TO_32_BIT_CONVERSION = YES;
				GCC_WARN_ABOUT_RETURN_TYPE = YES_ERROR;
				GCC_WARN_UNDECLARED_SELECTOR = YES;
				GCC_WARN_UNINITIALIZED_AUTOS = YES_AGGRESSIVE;
				GCC_WARN_UNUSED_FUNCTION = YES;
				GCC_WARN_UNUSED_VARIABLE = YES;
				IPHONEOS_DEPLOYMENT_TARGET = 12.2;
				MTL_ENABLE_DEBUG_INFO = NO;
				MTL_FAST_MATH = YES;
				SDKROOT = iphoneos;
				SWIFT_COMPILATION_MODE = wholemodule;
				SWIFT_OPTIMIZATION_LEVEL = "-O";
				VALIDATE_PRODUCT = YES;
			};
			name = Release;
		};
		3FF3649A22D0A76C00BEAB51 /* Debug */ = {
			isa = XCBuildConfiguration;
			buildSettings = {
				ASSETCATALOG_COMPILER_APPICON_NAME = AppIcon;
				CODE_SIGN_STYLE = Automatic;
				INFOPLIST_FILE = "List Popup/Info.plist";
				LD_RUNPATH_SEARCH_PATHS = (
					"$(inherited)",
					"@executable_path/Frameworks",
				);
				PRODUCT_BUNDLE_IDENTIFIER = "com.jaded.list.List-Popup";
				PRODUCT_NAME = "$(TARGET_NAME)";
				SWIFT_VERSION = 5.0;
				TARGETED_DEVICE_FAMILY = "1,2";
			};
			name = Debug;
		};
		3FF3649B22D0A76C00BEAB51 /* Release */ = {
			isa = XCBuildConfiguration;
			buildSettings = {
				ASSETCATALOG_COMPILER_APPICON_NAME = AppIcon;
				CODE_SIGN_STYLE = Automatic;
				INFOPLIST_FILE = "List Popup/Info.plist";
				LD_RUNPATH_SEARCH_PATHS = (
					"$(inherited)",
					"@executable_path/Frameworks",
				);
				PRODUCT_BUNDLE_IDENTIFIER = "com.jaded.list.List-Popup";
				PRODUCT_NAME = "$(TARGET_NAME)";
				SWIFT_VERSION = 5.0;
				TARGETED_DEVICE_FAMILY = "1,2";
			};
			name = Release;
		};
/* End XCBuildConfiguration section */

/* Begin XCConfigurationList section */
		3FF3648222D0A76B00BEAB51 /* Build configuration list for PBXProject "KTListPopup" */ = {
			isa = XCConfigurationList;
			buildConfigurations = (
				3FF3649722D0A76C00BEAB51 /* Debug */,
				3FF3649822D0A76C00BEAB51 /* Release */,
			);
			defaultConfigurationIsVisible = 0;
			defaultConfigurationName = Release;
		};
		3FF3649922D0A76C00BEAB51 /* Build configuration list for PBXNativeTarget "List Popup" */ = {
			isa = XCConfigurationList;
			buildConfigurations = (
				3FF3649A22D0A76C00BEAB51 /* Debug */,
				3FF3649B22D0A76C00BEAB51 /* Release */,
			);
			defaultConfigurationIsVisible = 0;
			defaultConfigurationName = Release;
		};
/* End XCConfigurationList section */
	};
	rootObject = 3FF3647F22D0A76B00BEAB51 /* Project object */;
}
